
Microsoft Visual Studio Solution File, Format Version 12.00
# Visual Studio 15
Project("{FAE04EC0-301F-11D3-BF4B-00C04F79EFBC}") = "Assembly-CSharp", "Assembly-CSharp.csproj", "{D2680BFF-6CBC-4C2A-B5AB-5F08D92E17D4}"
EndProject
Project("{FAE04EC0-301F-11D3-BF4B-00C04F79EFBC}") = "Assembly-CSharp-Editor-firstpass", "Assembly-CSharp-Editor-firstpass.csproj", "{9C8E694A-6CB6-2892-6AB1-94643F1CABFF}"
EndProject
Global
	GlobalSection(SolutionConfigurationPlatforms) = preSolution
		Debug|Any CPU = Debug|Any CPU
		Release|Any CPU = Release|Any CPU
	EndGlobalSection
	GlobalSection(ProjectConfigurationPlatforms) = postSolution
		{D2680BFF-6CBC-4C2A-B5AB-5F08D92E17D4}.Debug|Any CPU.ActiveCfg = Debug|Any CPU
		{D2680BFF-6CBC-4C2A-B5AB-5F08D92E17D4}.Debug|Any CPU.Build.0 = Debug|Any CPU
		{D2680BFF-6CBC-4C2A-B5AB-5F08D92E17D4}.Release|Any CPU.ActiveCfg = Release|Any CPU
		{D2680BFF-6CBC-4C2A-B5AB-5F08D92E17D4}.Release|Any CPU.Build.0 = Release|Any CPU
		{9C8E694A-6CB6-2892-6AB1-94643F1CABFF}.Debug|Any CPU.ActiveCfg = Debug|Any CPU
		{9C8E694A-6CB6-2892-6AB1-94643F1CABFF}.Debug|Any CPU.Build.0 = Debug|Any CPU
		{9C8E694A-6CB6-2892-6AB1-94643F1CABFF}.Release|Any CPU.ActiveCfg = Release|Any CPU
		{9C8E694A-6CB6-2892-6AB1-94643F1CABFF}.Release|Any CPU.Build.0 = Release|Any CPU
	EndGlobalSection
	GlobalSection(SolutionProperties) = preSolution
		HideSolutionNode = FALSE
	EndGlobalSection
EndGlobal
